
Microsoft Visual Studio Solution File, Format Version 11.00
# Visual Studio 2010
Project("{8BC9CEB8-8B4A-11D0-8D11-00A0C91BC942}") = "VSShellStub2", "VSShellStub2\VSShellStub2\VSShellStub2.vcxproj", "{791A0F63-3BBE-40AB-91DD-A3459BA73867}"
EndProject
Project("{8BC9CEB8-8B4A-11D0-8D11-00A0C91BC942}") = "VSShellStub2UI", "VSShellStub2\VSShellStub2UI\VSShellStub2UI.vcxproj", "{464A357D-F559-450B-9DAA-8FFCC9F1F5DE}"
EndProject
Project("{FAE04EC0-301F-11D3-BF4B-00C04F79EFBC}") = "VSShellStub2.AboutBoxPackage", "VSShellStub2\VSShellStub2.AboutBoxPackage\VSShellStub2.AboutBoxPackage.csproj", "{1ED4D043-9BFD-4759-ACF2-B0E9D6E14221}"
EndProject
Project("{FAE04EC0-301F-11D3-BF4B-00C04F79EFBC}") = "ShellExtensionsVSIX", "VSShellStub2\ShellExtensionsVSIX\ShellExtensionsVSIX.csproj", "{70314056-D255-47A4-8B52-A0B6B27E7946}"
EndProject
Project("{54435603-DBB4-11D2-8724-00A0C9A8B90C}") = "Setup1", "Setup1\Setup1.vdproj", "{21F4FB38-9005-4DFF-A081-4DAC195CD23D}"
EndProject
Global
	GlobalSection(SolutionConfigurationPlatforms) = preSolution
		Debug|Any CPU = Debug|Any CPU
		Debug|Mixed Platforms = Debug|Mixed Platforms
		Debug|Win32 = Debug|Win32
		Release|Any CPU = Release|Any CPU
		Release|Mixed Platforms = Release|Mixed Platforms
		Release|Win32 = Release|Win32
	EndGlobalSection
	GlobalSection(ProjectConfigurationPlatforms) = postSolution
		{791A0F63-3BBE-40AB-91DD-A3459BA73867}.Debug|Any CPU.ActiveCfg = Debug|Win32
		{791A0F63-3BBE-40AB-91DD-A3459BA73867}.Debug|Mixed Platforms.ActiveCfg = Debug|Win32
		{791A0F63-3BBE-40AB-91DD-A3459BA73867}.Debug|Mixed Platforms.Build.0 = Debug|Win32
		{791A0F63-3BBE-40AB-91DD-A3459BA73867}.Debug|Win32.ActiveCfg = Debug|Win32
		{791A0F63-3BBE-40AB-91DD-A3459BA73867}.Debug|Win32.Build.0 = Debug|Win32
		{791A0F63-3BBE-40AB-91DD-A3459BA73867}.Release|Any CPU.ActiveCfg = Release|Win32
		{791A0F63-3BBE-40AB-91DD-A3459BA73867}.Release|Mixed Platforms.ActiveCfg = Release|Win32
		{791A0F63-3BBE-40AB-91DD-A3459BA73867}.Release|Mixed Platforms.Build.0 = Release|Win32
		{791A0F63-3BBE-40AB-91DD-A3459BA73867}.Release|Win32.ActiveCfg = Release|Win32
		{791A0F63-3BBE-40AB-91DD-A3459BA73867}.Release|Win32.Build.0 = Release|Win32
		{464A357D-F559-450B-9DAA-8FFCC9F1F5DE}.Debug|Any CPU.ActiveCfg = Debug|Win32
		{464A357D-F559-450B-9DAA-8FFCC9F1F5DE}.Debug|Mixed Platforms.ActiveCfg = Debug|Win32
		{464A357D-F559-450B-9DAA-8FFCC9F1F5DE}.Debug|Mixed Platforms.Build.0 = Debug|Win32
		{464A357D-F559-450B-9DAA-8FFCC9F1F5DE}.Debug|Win32.ActiveCfg = Debug|Win32
		{464A357D-F559-450B-9DAA-8FFCC9F1F5DE}.Debug|Win32.Build.0 = Debug|Win32
		{464A357D-F559-450B-9DAA-8FFCC9F1F5DE}.Release|Any CPU.ActiveCfg = Release|Win32
		{464A357D-F559-450B-9DAA-8FFCC9F1F5DE}.Release|Mixed Platforms.ActiveCfg = Release|Win32
		{464A357D-F559-450B-9DAA-8FFCC9F1F5DE}.Release|Mixed Platforms.Build.0 = Release|Win32
		{464A357D-F559-450B-9DAA-8FFCC9F1F5DE}.Release|Win32.ActiveCfg = Release|Win32
		{464A357D-F559-450B-9DAA-8FFCC9F1F5DE}.Release|Win32.Build.0 = Release|Win32
		{1ED4D043-9BFD-4759-ACF2-B0E9D6E14221}.Debug|Any CPU.ActiveCfg = Debug|Any CPU
		{1ED4D043-9BFD-4759-ACF2-B0E9D6E14221}.Debug|Any CPU.Build.0 = Debug|Any CPU
		{1ED4D043-9BFD-4759-ACF2-B0E9D6E14221}.Debug|Mixed Platforms.ActiveCfg = Debug|Any CPU
		{1ED4D043-9BFD-4759-ACF2-B0E9D6E14221}.Debug|Mixed Platforms.Build.0 = Debug|Any CPU
		{1ED4D043-9BFD-4759-ACF2-B0E9D6E14221}.Debug|Win32.ActiveCfg = Debug|Any CPU
		{1ED4D043-9BFD-4759-ACF2-B0E9D6E14221}.Release|Any CPU.ActiveCfg = Release|Any CPU
		{1ED4D043-9BFD-4759-ACF2-B0E9D6E14221}.Release|Any CPU.Build.0 = Release|Any CPU
		{1ED4D043-9BFD-4759-ACF2-B0E9D6E14221}.Release|Mixed Platforms.ActiveCfg = Release|Any CPU
		{1ED4D043-9BFD-4759-ACF2-B0E9D6E14221}.Release|Mixed Platforms.Build.0 = Release|Any CPU
		{1ED4D043-9BFD-4759-ACF2-B0E9D6E14221}.Release|Win32.ActiveCfg = Release|Any CPU
		{70314056-D255-47A4-8B52-A0B6B27E7946}.Debug|Any CPU.ActiveCfg = Debug|Any CPU
		{70314056-D255-47A4-8B52-A0B6B27E7946}.Debug|Any CPU.Build.0 = Debug|Any CPU
		{70314056-D255-47A4-8B52-A0B6B27E7946}.Debug|Mixed Platforms.ActiveCfg = Debug|Any CPU
		{70314056-D255-47A4-8B52-A0B6B27E7946}.Debug|Mixed Platforms.Build.0 = Debug|Any CPU
		{70314056-D255-47A4-8B52-A0B6B27E7946}.Debug|Win32.ActiveCfg = Debug|Any CPU
		{70314056-D255-47A4-8B52-A0B6B27E7946}.Release|Any CPU.ActiveCfg = Release|Any CPU
		{70314056-D255-47A4-8B52-A0B6B27E7946}.Release|Any CPU.Build.0 = Release|Any CPU
		{70314056-D255-47A4-8B52-A0B6B27E7946}.Release|Mixed Platforms.ActiveCfg = Release|Any CPU
		{70314056-D255-47A4-8B52-A0B6B27E7946}.Release|Mixed Platforms.Build.0 = Release|Any CPU
		{70314056-D255-47A4-8B52-A0B6B27E7946}.Release|Win32.ActiveCfg = Release|Any CPU
		{21F4FB38-9005-4DFF-A081-4DAC195CD23D}.Debug|Any CPU.ActiveCfg = Debug
		{21F4FB38-9005-4DFF-A081-4DAC195CD23D}.Debug|Mixed Platforms.ActiveCfg = Debug
		{21F4FB38-9005-4DFF-A081-4DAC195CD23D}.Debug|Win32.ActiveCfg = Debug
		{21F4FB38-9005-4DFF-A081-4DAC195CD23D}.Release|Any CPU.ActiveCfg = Release
		{21F4FB38-9005-4DFF-A081-4DAC195CD23D}.Release|Mixed Platforms.ActiveCfg = Release
		{21F4FB38-9005-4DFF-A081-4DAC195CD23D}.Release|Win32.ActiveCfg = Release
	EndGlobalSection
	GlobalSection(SolutionProperties) = preSolution
		HideSolutionNode = FALSE
	EndGlobalSection
EndGlobal
