
Microsoft Visual Studio Solution File, Format Version 11.00
# Visual Studio 2010
Project("{FAE04EC0-301F-11D3-BF4B-00C04F79EFBC}") = "GoFDesignPatterns", "GoFDesignPatterns\GoFDesignPatterns.csproj", "{C38ED2F5-BC8D-47EE-B13D-F8A133FD0BF2}"
EndProject
Global
	GlobalSection(TeamFoundationVersionControl) = preSolution
		SccNumberOfProjects = 2
		SccEnterpriseProvider = {4CA58AB2-18FA-4F8D-95D4-32DDF27D184C}
		SccTeamFoundationServer = https://tfs.codeplex.com/tfs/tfs32
		SccLocalPath0 = .
		SccProjectUniqueName1 = GoFDesignPatterns\\GoFDesignPatterns.csproj
		SccProjectName1 = GoFDesignPatterns
		SccLocalPath1 = GoFDesignPatterns
	EndGlobalSection
	GlobalSection(SolutionConfigurationPlatforms) = preSolution
		Debug|Any CPU = Debug|Any CPU
		Release|Any CPU = Release|Any CPU
	EndGlobalSection
	GlobalSection(ProjectConfigurationPlatforms) = postSolution
		{C38ED2F5-BC8D-47EE-B13D-F8A133FD0BF2}.Debug|Any CPU.ActiveCfg = Debug|Any CPU
		{C38ED2F5-BC8D-47EE-B13D-F8A133FD0BF2}.Debug|Any CPU.Build.0 = Debug|Any CPU
		{C38ED2F5-BC8D-47EE-B13D-F8A133FD0BF2}.Release|Any CPU.ActiveCfg = Release|Any CPU
		{C38ED2F5-BC8D-47EE-B13D-F8A133FD0BF2}.Release|Any CPU.Build.0 = Release|Any CPU
	EndGlobalSection
	GlobalSection(SolutionProperties) = preSolution
		HideSolutionNode = FALSE
	EndGlobalSection
EndGlobal
